
Microsoft Visual Studio Solution File, Format Version 12.00
# Visual Studio Version 17
VisualStudioVersion = 17.3.32929.385
MinimumVisualStudioVersion = 10.0.40219.1
Project("{FAE04EC0-301F-11D3-BF4B-00C04F79EFBC}") = "EntityAssetTracking3", "EntityAssetTracking3.csproj", "{B9348245-9741-43A9-A71B-BBA5D903DB9B}"
EndProject
Global
	GlobalSection(SolutionConfigurationPlatforms) = preSolution
		Debug|Any CPU = Debug|Any CPU
		Release|Any CPU = Release|Any CPU
	EndGlobalSection
	GlobalSection(ProjectConfigurationPlatforms) = postSolution
		{B9348245-9741-43A9-A71B-BBA5D903DB9B}.Debug|Any CPU.ActiveCfg = Debug|Any CPU
		{B9348245-9741-43A9-A71B-BBA5D903DB9B}.Debug|Any CPU.Build.0 = Debug|Any CPU
		{B9348245-9741-43A9-A71B-BBA5D903DB9B}.Release|Any CPU.ActiveCfg = Release|Any CPU
		{B9348245-9741-43A9-A71B-BBA5D903DB9B}.Release|Any CPU.Build.0 = Release|Any CPU
	EndGlobalSection
	GlobalSection(SolutionProperties) = preSolution
		HideSolutionNode = FALSE
	EndGlobalSection
	GlobalSection(ExtensibilityGlobals) = postSolution
		SolutionGuid = {2C6A2512-E1A8-4410-AD81-9C1A6CAFCA68}
	EndGlobalSection
EndGlobal
